
Microsoft Visual Studio Solution File, Format Version 12.00
# Visual Studio Version 17
VisualStudioVersion = 17.7.34003.232
MinimumVisualStudioVersion = 10.0.40219.1
Project("{9A19103F-16F7-4668-BE54-9A1E7A4F7556}") = "MyMutualFind", "MyMutualFund\MyMutualFind.csproj", "{DF143F24-4D1B-49FC-B8B6-718F18FBF117}"
EndProject
Global
	GlobalSection(SolutionConfigurationPlatforms) = preSolution
		Debug|Any CPU = Debug|Any CPU
		Release|Any CPU = Release|Any CPU
	EndGlobalSection
	GlobalSection(ProjectConfigurationPlatforms) = postSolution
		{DF143F24-4D1B-49FC-B8B6-718F18FBF117}.Debug|Any CPU.ActiveCfg = Debug|Any CPU
		{DF143F24-4D1B-49FC-B8B6-718F18FBF117}.Debug|Any CPU.Build.0 = Debug|Any CPU
		{DF143F24-4D1B-49FC-B8B6-718F18FBF117}.Release|Any CPU.ActiveCfg = Release|Any CPU
		{DF143F24-4D1B-49FC-B8B6-718F18FBF117}.Release|Any CPU.Build.0 = Release|Any CPU
	EndGlobalSection
	GlobalSection(SolutionProperties) = preSolution
		HideSolutionNode = FALSE
	EndGlobalSection
	GlobalSection(ExtensibilityGlobals) = postSolution
		SolutionGuid = {D8A1DA47-C2C4-4312-9E16-751C69523789}
	EndGlobalSection
EndGlobal
