
Microsoft Visual Studio Solution File, Format Version 12.00
# Visual Studio Version 17
VisualStudioVersion = 17.7.34003.232
MinimumVisualStudioVersion = 10.0.40219.1
Project("{9A19103F-16F7-4668-BE54-9A1E7A4F7556}") = "MyMutualFind", "MyMutualFund\MyMutualFind.csproj", "{A3AA509F-A298-4CF3-AEFF-B9EE1B0502E3}"
EndProject
Project("{FAE04EC0-301F-11D3-BF4B-00C04F79EFBC}") = "MyMutualFund.Tests", "MyMutualFund.Tests\MyMutualFund.Tests.csproj", "{3844C131-2FAB-4312-A726-84C5B4266E99}"
EndProject
Global
	GlobalSection(SolutionConfigurationPlatforms) = preSolution
		Debug|Any CPU = Debug|Any CPU
		Release|Any CPU = Release|Any CPU
	EndGlobalSection
	GlobalSection(ProjectConfigurationPlatforms) = postSolution
		{A3AA509F-A298-4CF3-AEFF-B9EE1B0502E3}.Debug|Any CPU.ActiveCfg = Debug|Any CPU
		{A3AA509F-A298-4CF3-AEFF-B9EE1B0502E3}.Debug|Any CPU.Build.0 = Debug|Any CPU
		{A3AA509F-A298-4CF3-AEFF-B9EE1B0502E3}.Release|Any CPU.ActiveCfg = Release|Any CPU
		{A3AA509F-A298-4CF3-AEFF-B9EE1B0502E3}.Release|Any CPU.Build.0 = Release|Any CPU
		{3844C131-2FAB-4312-A726-84C5B4266E99}.Debug|Any CPU.ActiveCfg = Debug|Any CPU
		{3844C131-2FAB-4312-A726-84C5B4266E99}.Debug|Any CPU.Build.0 = Debug|Any CPU
		{3844C131-2FAB-4312-A726-84C5B4266E99}.Release|Any CPU.ActiveCfg = Release|Any CPU
		{3844C131-2FAB-4312-A726-84C5B4266E99}.Release|Any CPU.Build.0 = Release|Any CPU
	EndGlobalSection
	GlobalSection(SolutionProperties) = preSolution
		HideSolutionNode = FALSE
	EndGlobalSection
	GlobalSection(ExtensibilityGlobals) = postSolution
		SolutionGuid = {D8A1DA47-C2C4-4312-9E16-751C69523789}
	EndGlobalSection
EndGlobal
